// !$*UTF8*$!
{
	archiveVersion = 1;
	classes = {
	};
	objectVersion = 46;
	objects = {

/* Begin PBXBuildFile section */
		27C6157419DDD4770004A492 /* AppDelegate.swift in Sources */ = {isa = PBXBuildFile; fileRef = 27C6157319DDD4770004A492 /* AppDelegate.swift */; };
		27C6157619DDD4770004A492 /* ViewController.swift in Sources */ = {isa = PBXBuildFile; fileRef = 27C6157519DDD4770004A492 /* ViewController.swift */; };
		27C6157919DDD4780004A492 /* Main.storyboard in Resources */ = {isa = PBXBuildFile; fileRef = 27C6157719DDD4780004A492 /* Main.storyboard */; };
		27C6157B19DDD4780004A492 /* Images.xcassets in Resources */ = {isa = PBXBuildFile; fileRef = 27C6157A19DDD4780004A492 /* Images.xcassets */; };
		27C6157E19DDD4790004A492 /* LaunchScreen.xib in Resources */ = {isa = PBXBuildFile; fileRef = 27C6157C19DDD4790004A492 /* LaunchScreen.xib */; };
		27C6158A19DDD4890004A492 /* PostcardTests.swift in Sources */ = {isa = PBXBuildFile; fileRef = 27C6158919DDD4890004A492 /* PostcardTests.swift */; };
/* End PBXBuildFile section */

/* Begin PBXContainerItemProxy section */
		27C6158419DDD4870004A492 /* PBXContainerItemProxy */ = {
			isa = PBXContainerItemProxy;
			containerPortal = 27C6156619DDD4720004A492 /* Project object */;
			proxyType = 1;
			remoteGlobalIDString = 27C6156D19DDD4740004A492;
			remoteInfo = Postcard;
		};
/* End PBXContainerItemProxy section */

/* Begin PBXFileReference section */
		27C6156E19DDD4760004A492 /* Postcard.app */ = {isa = PBXFileReference; explicitFileType = wrapper.application; includeInIndex = 0; path = Postcard.app; sourceTree = BUILT_PRODUCTS_DIR; };
		27C6157219DDD4770004A492 /* Info.plist */ = {isa = PBXFileReference; lastKnownFileType = text.plist.xml; path = Info.plist; sourceTree = "<group>"; };
		27C6157319DDD4770004A492 /* AppDelegate.swift */ = {isa = PBXFileReference; lastKnownFileType = sourcecode.swift; path = AppDelegate.swift; sourceTree = "<group>"; };
		27C6157519DDD4770004A492 /* ViewController.swift */ = {isa = PBXFileReference; lastKnownFileType = sourcecode.swift; path = ViewController.swift; sourceTree = "<group>"; };
		27C6157819DDD4780004A492 /* Base */ = {isa = PBXFileReference; lastKnownFileType = file.storyboard; name = Base; path = Base.lproj/Main.storyboard; sourceTree = "<group>"; };
		27C6157A19DDD4780004A492 /* Images.xcassets */ = {isa = PBXFileReference; lastKnownFileType = folder.assetcatalog; path = Images.xcassets; sourceTree = "<group>"; };
		27C6157D19DDD4790004A492 /* Base */ = {isa = PBXFileReference; lastKnownFileType = file.xib; name = Base; path = Base.lproj/LaunchScreen.xib; sourceTree = "<group>"; };
		27C6158319DDD4870004A492 /* PostcardTests.xctest */ = {isa = PBXFileReference; explicitFileType = wrapper.cfbundle; includeInIndex = 0; path = PostcardTests.xctest; sourceTree = BUILT_PRODUCTS_DIR; };
		27C6158819DDD4890004A492 /* Info.plist */ = {isa = PBXFileReference; lastKnownFileType = text.plist.xml; path = Info.plist; sourceTree = "<group>"; };
		27C6158919DDD4890004A492 /* PostcardTests.swift */ = {isa = PBXFileReference; lastKnownFileType = sourcecode.swift; path = PostcardTests.swift; sourceTree = "<group>"; };
/* End PBXFileReference section */

/* Begin PBXFrameworksBuildPhase section */
		27C6156B19DDD4740004A492 /* Frameworks */ = {
			isa = PBXFrameworksBuildPhase;
			buildActionMask = 2147483647;
			files = (
			);
			runOnlyForDeploymentPostprocessing = 0;
		};
		27C6158019DDD4870004A492 /* Frameworks */ = {
			isa = PBXFrameworksBuildPhase;
			buildActionMask = 2147483647;
			files = (
			);
			runOnlyForDeploymentPostprocessing = 0;
		};
/* End PBXFrameworksBuildPhase section */

/* Begin PBXGroup section */
		27C6156519DDD4710004A492 = {
			isa = PBXGroup;
			children = (
				27C6157019DDD4760004A492 /* Postcard */,
				27C6158619DDD4870004A492 /* PostcardTests */,
				27C6156F19DDD4760004A492 /* Products */,
			);
			sourceTree = "<group>";
		};
		27C6156F19DDD4760004A492 /* Products */ = {
			isa = PBXGroup;
			children = (
				27C6156E19DDD4760004A492 /* Postcard.app */,
				27C6158319DDD4870004A492 /* PostcardTests.xctest */,
			);
			name = Products;
			sourceTree = "<group>";
		};
		27C6157019DDD4760004A492 /* Postcard */ = {
			isa = PBXGroup;
			children = (
				27C6157319DDD4770004A492 /* AppDelegate.swift */,
				27C6157519DDD4770004A492 /* ViewController.swift */,
				27C6157719DDD4780004A492 /* Main.storyboard */,
				27C6157A19DDD4780004A492 /* Images.xcassets */,
				27C6157C19DDD4790004A492 /* LaunchScreen.xib */,
				27C6157119DDD4760004A492 /* Supporting Files */,
			);
			path = Postcard;
			sourceTree = "<group>";
		};
		27C6157119DDD4760004A492 /* Supporting Files */ = {
			isa = PBXGroup;
			children = (
				27C6157219DDD4770004A492 /* Info.plist */,
			);
			name = "Supporting Files";
			sourceTree = "<group>";
		};
		27C6158619DDD4870004A492 /* PostcardTests */ = {
			isa = PBXGroup;
			children = (
				27C6158919DDD4890004A492 /* PostcardTests.swift */,
				27C6158719DDD4890004A492 /* Supporting Files */,
			);
			path = PostcardTests;
			sourceTree = "<group>";
		};
		27C6158719DDD4890004A492 /* Supporting Files */ = {
			isa = PBXGroup;
			children = (
				27C6158819DDD4890004A492 /* Info.plist */,
			);
			name = "Supporting Files";
			sourceTree = "<group>";
		};
/* End PBXGroup section */

/* Begin PBXNativeTarget section */
		27C6156D19DDD4740004A492 /* Postcard */ = {
			isa = PBXNativeTarget;
			buildConfigurationList = 27C6158D19DDD48A0004A492 /* Build configuration list for PBXNativeTarget "Postcard" */;
			buildPhases = (
				27C6156A19DDD4740004A492 /* Sources */,
				27C6156B19DDD4740004A492 /* Frameworks */,
				27C6156C19DDD4740004A492 /* Resources */,
			);
			buildRules = (
			);
			dependencies = (
			);
			name = Postcard;
			productName = Postcard;
			productReference = 27C6156E19DDD4760004A492 /* Postcard.app */;
			productType = "com.apple.product-type.application";
		};
		27C6158219DDD4870004A492 /* PostcardTests */ = {
			isa = PBXNativeTarget;
			buildConfigurationList = 27C6159019DDD48A0004A492 /* Build configuration list for PBXNativeTarget "PostcardTests" */;
			buildPhases = (
				27C6157F19DDD4870004A492 /* Sources */,
				27C6158019DDD4870004A492 /* Frameworks */,
				27C6158119DDD4870004A492 /* Resources */,
			);
			buildRules = (
			);
			dependencies = (
				27C6158519DDD4870004A492 /* PBXTargetDependency */,
			);
			name = PostcardTests;
			productName = PostcardTests;
			productReference = 27C6158319DDD4870004A492 /* PostcardTests.xctest */;
			productType = "com.apple.product-type.bundle.unit-test";
		};
/* End PBXNativeTarget section */

/* Begin PBXProject section */
		27C6156619DDD4720004A492 /* Project object */ = {
			isa = PBXProject;
			attributes = {
				LastUpgradeCheck = 0600;
				ORGANIZATIONNAME = "Pebble Mike";
				TargetAttributes = {
					27C6156D19DDD4740004A492 = {
						CreatedOnToolsVersion = 6.0.1;
					};
					27C6158219DDD4870004A492 = {
						CreatedOnToolsVersion = 6.0.1;
						TestTargetID = 27C6156D19DDD4740004A492;
					};
				};
			};
			buildConfigurationList = 27C6156919DDD4740004A492 /* Build configuration list for PBXProject "Postcard" */;
			compatibilityVersion = "Xcode 3.2";
			developmentRegion = English;
			hasScannedForEncodings = 0;
			knownRegions = (
				en,
				Base,
			);
			mainGroup = 27C6156519DDD4710004A492;
			productRefGroup = 27C6156F19DDD4760004A492 /* Products */;
			projectDirPath = "";
			projectRoot = "";
			targets = (
				27C6156D19DDD4740004A492 /* Postcard */,
				27C6158219DDD4870004A492 /* PostcardTests */,
			);
		};
/* End PBXProject section */

/* Begin PBXResourcesBuildPhase section */
		27C6156C19DDD4740004A492 /* Resources */ = {
			isa = PBXResourcesBuildPhase;
			buildActionMask = 2147483647;
			files = (
				27C6157919DDD4780004A492 /* Main.storyboard in Resources */,
				27C6157E19DDD4790004A492 /* LaunchScreen.xib in Resources */,
				27C6157B19DDD4780004A492 /* Images.xcassets in Resources */,
			);
			runOnlyForDeploymentPostprocessing = 0;
		};
		27C6158119DDD4870004A492 /* Resources */ = {
			isa = PBXResourcesBuildPhase;
			buildActionMask = 2147483647;
			files = (
			);
			runOnlyForDeploymentPostprocessing = 0;
		};
/* End PBXResourcesBuildPhase section */

/* Begin PBXSourcesBuildPhase section */
		27C6156A19DDD4740004A492 /* Sources */ = {
			isa = PBXSourcesBuildPhase;
			buildActionMask = 2147483647;
			files = (
				27C6157619DDD4770004A492 /* ViewController.swift in Sources */,
				27C6157419DDD4770004A492 /* AppDelegate.swift in Sources */,
			);
			runOnlyForDeploymentPostprocessing = 0;
		};
		27C6157F19DDD4870004A492 /* Sources */ = {
			isa = PBXSourcesBuildPhase;
			buildActionMask = 2147483647;
			files = (
				27C6158A19DDD4890004A492 /* PostcardTests.swift in Sources */,
			);
			runOnlyForDeploymentPostprocessing = 0;
		};
/* End PBXSourcesBuildPhase section */

/* Begin PBXTargetDependency section */
		27C6158519DDD4870004A492 /* PBXTargetDependency */ = {
			isa = PBXTargetDependency;
			target = 27C6156D19DDD4740004A492 /* Postcard */;
			targetProxy = 27C6158419DDD4870004A492 /* PBXContainerItemProxy */;
		};
/* End PBXTargetDependency section */

/* Begin PBXVariantGroup section */
		27C6157719DDD4780004A492 /* Main.storyboard */ = {
			isa = PBXVariantGroup;
			children = (
				27C6157819DDD4780004A492 /* Base */,
			);
			name = Main.storyboard;
			sourceTree = "<group>";
		};
		27C6157C19DDD4790004A492 /* LaunchScreen.xib */ = {
			isa = PBXVariantGroup;
			children = (
				27C6157D19DDD4790004A492 /* Base */,
			);
			name = LaunchScreen.xib;
			sourceTree = "<group>";
		};
/* End PBXVariantGroup section */

/* Begin XCBuildConfiguration section */
		27C6158B19DDD4890004A492 /* Debug */ = {
			isa = XCBuildConfiguration;
			buildSettings = {
				ALWAYS_SEARCH_USER_PATHS = NO;
				CLANG_CXX_LANGUAGE_STANDARD = "gnu++0x";
				CLANG_CXX_LIBRARY = "libc++";
				CLANG_ENABLE_MODULES = YES;
				CLANG_ENABLE_OBJC_ARC = YES;
				CLANG_WARN_BOOL_CONVERSION = YES;
				CLANG_WARN_CONSTANT_CONVERSION = YES;
				CLANG_WARN_DIRECT_OBJC_ISA_USAGE = YES_ERROR;
				CLANG_WARN_EMPTY_BODY = YES;
				CLANG_WARN_ENUM_CONVERSION = YES;
				CLANG_WARN_INT_CONVERSION = YES;
				CLANG_WARN_OBJC_ROOT_CLASS = YES_ERROR;
				CLANG_WARN_UNREACHABLE_CODE = YES;
				CLANG_WARN__DUPLICATE_METHOD_MATCH = YES;
				"CODE_SIGN_IDENTITY[sdk=iphoneos*]" = "iPhone Developer";
				COPY_PHASE_STRIP = NO;
				ENABLE_STRICT_OBJC_MSGSEND = YES;
				GCC_C_LANGUAGE_STANDARD = gnu99;
				GCC_DYNAMIC_NO_PIC = NO;
				GCC_OPTIMIZATION_LEVEL = 0;
				GCC_PREPROCESSOR_DEFINITIONS = (
					"DEBUG=1",
					"$(inherited)",
				);
				GCC_SYMBOLS_PRIVATE_EXTERN = NO;
				GCC_WARN_64_TO_32_BIT_CONVERSION = YES;
				GCC_WARN_ABOUT_RETURN_TYPE = YES_ERROR;
				GCC_WARN_UNDECLARED_SELECTOR = YES;
				GCC_WARN_UNINITIALIZED_AUTOS = YES_AGGRESSIVE;
				GCC_WARN_UNUSED_FUNCTION = YES;
				GCC_WARN_UNUSED_VARIABLE = YES;
				IPHONEOS_DEPLOYMENT_TARGET = 8.0;
				MTL_ENABLE_DEBUG_INFO = YES;
				ONLY_ACTIVE_ARCH = YES;
				SDKROOT = iphoneos;
				SWIFT_OPTIMIZATION_LEVEL = "-Onone";
				TARGETED_DEVICE_FAMILY = "1,2";
			};
			name = Debug;
		};
		27C6158C19DDD4890004A492 /* Release */ = {
			isa = XCBuildConfiguration;
			buildSettings = {
				ALWAYS_SEARCH_USER_PATHS = NO;
				CLANG_CXX_LANGUAGE_STANDARD = "gnu++0x";
				CLANG_CXX_LIBRARY = "libc++";
				CLANG_ENABLE_MODULES = YES;
				CLANG_ENABLE_OBJC_ARC = YES;
				CLANG_WARN_BOOL_CONVERSION = YES;
				CLANG_WARN_CONSTANT_CONVERSION = YES;
				CLANG_WARN_DIRECT_OBJC_ISA_USAGE = YES_ERROR;
				CLANG_WARN_EMPTY_BODY = YES;
				CLANG_WARN_ENUM_CONVERSION = YES;
				CLANG_WARN_INT_CONVERSION = YES;
				CLANG_WARN_OBJC_ROOT_CLASS = YES_ERROR;
				CLANG_WARN_UNREACHABLE_CODE = YES;
				CLANG_WARN__DUPLICATE_METHOD_MATCH = YES;
				"CODE_SIGN_IDENTITY[sdk=iphoneos*]" = "iPhone Developer";
				COPY_PHASE_STRIP = YES;
				ENABLE_NS_ASSERTIONS = NO;
				ENABLE_STRICT_OBJC_MSGSEND = YES;
				GCC_C_LANGUAGE_STANDARD = gnu99;
				GCC_WARN_64_TO_32_BIT_CONVERSION = YES;
				GCC_WARN_ABOUT_RETURN_TYPE = YES_ERROR;
				GCC_WARN_UNDECLARED_SELECTOR = YES;
				GCC_WARN_UNINITIALIZED_AUTOS = YES_AGGRESSIVE;
				GCC_WARN_UNUSED_FUNCTION = YES;
				GCC_WARN_UNUSED_VARIABLE = YES;
				IPHONEOS_DEPLOYMENT_TARGET = 8.0;
				MTL_ENABLE_DEBUG_INFO = NO;
				SDKROOT = iphoneos;
				TARGETED_DEVICE_FAMILY = "1,2";
				VALIDATE_PRODUCT = YES;
			};
			name = Release;
		};
		27C6158E19DDD48A0004A492 /* Debug */ = {
			isa = XCBuildConfiguration;
			buildSettings = {
				ASSETCATALOG_COMPILER_APPICON_NAME = AppIcon;
				INFOPLIST_FILE = Postcard/Info.plist;
				LD_RUNPATH_SEARCH_PATHS = "$(inherited) @executable_path/Frameworks";
				PRODUCT_NAME = "$(TARGET_NAME)";
			};
			name = Debug;
		};
		27C6158F19DDD48A0004A492 /* Release */ = {
			isa = XCBuildConfiguration;
			buildSettings = {
				ASSETCATALOG_COMPILER_APPICON_NAME = AppIcon;
				INFOPLIST_FILE = Postcard/Info.plist;
				LD_RUNPATH_SEARCH_PATHS = "$(inherited) @executable_path/Frameworks";
				PRODUCT_NAME = "$(TARGET_NAME)";
			};
			name = Release;
		};
		27C6159119DDD48A0004A492 /* Debug */ = {
			isa = XCBuildConfiguration;
			buildSettings = {
				BUNDLE_LOADER = "$(TEST_HOST)";
				FRAMEWORK_SEARCH_PATHS = (
					"$(SDKROOT)/Developer/Library/Frameworks",
					"$(inherited)",
				);
				GCC_PREPROCESSOR_DEFINITIONS = (
					"DEBUG=1",
					"$(inherited)",
				);
				INFOPLIST_FILE = PostcardTests/Info.plist;
				LD_RUNPATH_SEARCH_PATHS = "$(inherited) @executable_path/Frameworks @loader_path/Frameworks";
				PRODUCT_NAME = "$(TARGET_NAME)";
				TEST_HOST = "$(BUILT_PRODUCTS_DIR)/Postcard.app/Postcard";
			};
			name = Debug;
		};
		27C6159219DDD48A0004A492 /* Release */ = {
			isa = XCBuildConfiguration;
			buildSettings = {
				BUNDLE_LOADER = "$(TEST_HOST)";
				FRAMEWORK_SEARCH_PATHS = (
					"$(SDKROOT)/Developer/Library/Frameworks",
					"$(inherited)",
				);
				INFOPLIST_FILE = PostcardTests/Info.plist;
				LD_RUNPATH_SEARCH_PATHS = "$(inherited) @executable_path/Frameworks @loader_path/Frameworks";
				PRODUCT_NAME = "$(TARGET_NAME)";
				TEST_HOST = "$(BUILT_PRODUCTS_DIR)/Postcard.app/Postcard";
			};
			name = Release;
		};
/* End XCBuildConfiguration section */

/* Begin XCConfigurationList section */
		27C6156919DDD4740004A492 /* Build configuration list for PBXProject "Postcard" */ = {
			isa = XCConfigurationList;
			buildConfigurations = (
				27C6158B19DDD4890004A492 /* Debug */,
				27C6158C19DDD4890004A492 /* Release */,
			);
			defaultConfigurationIsVisible = 0;
			defaultConfigurationName = Release;
		};
		27C6158D19DDD48A0004A492 /* Build configuration list for PBXNativeTarget "Postcard" */ = {
			isa = XCConfigurationList;
			buildConfigurations = (
				27C6158E19DDD48A0004A492 /* Debug */,
				27C6158F19DDD48A0004A492 /* Release */,
			);
			defaultConfigurationIsVisible = 0;
		};
		27C6159019DDD48A0004A492 /* Build configuration list for PBXNativeTarget "PostcardTests" */ = {
			isa = XCConfigurationList;
			buildConfigurations = (
				27C6159119DDD48A0004A492 /* Debug */,
				27C6159219DDD48A0004A492 /* Release */,
			);
			defaultConfigurationIsVisible = 0;
		};
/* End XCConfigurationList section */
	};
	rootObject = 27C6156619DDD4720004A492 /* Project object */;
}
